// !$*UTF8*$!
{
	archiveVersion = 1;
	classes = {
	};
	objectVersion = 55;
	objects = {

/* Begin PBXBuildFile section */
		2A59B59B27448BDB00ADD2AE /* AppDelegate.swift in Sources */ = {isa = PBXBuildFile; fileRef = 2A59B59A27448BDB00ADD2AE /* AppDelegate.swift */; };
		2A59B59D27448BDB00ADD2AE /* SceneDelegate.swift in Sources */ = {isa = PBXBuildFile; fileRef = 2A59B59C27448BDB00ADD2AE /* SceneDelegate.swift */; };
		2A59B59F27448BDB00ADD2AE /* ViewController.swift in Sources */ = {isa = PBXBuildFile; fileRef = 2A59B59E27448BDB00ADD2AE /* ViewController.swift */; };
		2A59B5A227448BDB00ADD2AE /* Main.storyboard in Resources */ = {isa = PBXBuildFile; fileRef = 2A59B5A027448BDB00ADD2AE /* Main.storyboard */; };
		2A59B5A427448BDC00ADD2AE /* Assets.xcassets in Resources */ = {isa = PBXBuildFile; fileRef = 2A59B5A327448BDC00ADD2AE /* Assets.xcassets */; };
		2A59B5A727448BDC00ADD2AE /* LaunchScreen.storyboard in Resources */ = {isa = PBXBuildFile; fileRef = 2A59B5A527448BDC00ADD2AE /* LaunchScreen.storyboard */; };
		2A59B5B227448BDC00ADD2AE /* SinglePhotoTests.swift in Sources */ = {isa = PBXBuildFile; fileRef = 2A59B5B127448BDC00ADD2AE /* SinglePhotoTests.swift */; };
		2A59B5BC27448BDC00ADD2AE /* SinglePhotoUITests.swift in Sources */ = {isa = PBXBuildFile; fileRef = 2A59B5BB27448BDC00ADD2AE /* SinglePhotoUITests.swift */; };
		2A59B5BE27448BDC00ADD2AE /* SinglePhotoUITestsLaunchTests.swift in Sources */ = {isa = PBXBuildFile; fileRef = 2A59B5BD27448BDC00ADD2AE /* SinglePhotoUITestsLaunchTests.swift */; };
/* End PBXBuildFile section */

/* Begin PBXContainerItemProxy section */
		2A59B5AE27448BDC00ADD2AE /* PBXContainerItemProxy */ = {
			isa = PBXContainerItemProxy;
			containerPortal = 2A59B58F27448BDB00ADD2AE /* Project object */;
			proxyType = 1;
			remoteGlobalIDString = 2A59B59627448BDB00ADD2AE;
			remoteInfo = SinglePhoto;
		};
		2A59B5B827448BDC00ADD2AE /* PBXContainerItemProxy */ = {
			isa = PBXContainerItemProxy;
			containerPortal = 2A59B58F27448BDB00ADD2AE /* Project object */;
			proxyType = 1;
			remoteGlobalIDString = 2A59B59627448BDB00ADD2AE;
			remoteInfo = SinglePhoto;
		};
/* End PBXContainerItemProxy section */

/* Begin PBXFileReference section */
		2A59B59727448BDB00ADD2AE /* SinglePhoto.app */ = {isa = PBXFileReference; explicitFileType = wrapper.application; includeInIndex = 0; path = SinglePhoto.app; sourceTree = BUILT_PRODUCTS_DIR; };
		2A59B59A27448BDB00ADD2AE /* AppDelegate.swift */ = {isa = PBXFileReference; lastKnownFileType = sourcecode.swift; path = AppDelegate.swift; sourceTree = "<group>"; };
		2A59B59C27448BDB00ADD2AE /* SceneDelegate.swift */ = {isa = PBXFileReference; lastKnownFileType = sourcecode.swift; path = SceneDelegate.swift; sourceTree = "<group>"; };
		2A59B59E27448BDB00ADD2AE /* ViewController.swift */ = {isa = PBXFileReference; lastKnownFileType = sourcecode.swift; path = ViewController.swift; sourceTree = "<group>"; };
		2A59B5A127448BDB00ADD2AE /* Base */ = {isa = PBXFileReference; lastKnownFileType = file.storyboard; name = Base; path = Base.lproj/Main.storyboard; sourceTree = "<group>"; };
		2A59B5A327448BDC00ADD2AE /* Assets.xcassets */ = {isa = PBXFileReference; lastKnownFileType = folder.assetcatalog; path = Assets.xcassets; sourceTree = "<group>"; };
		2A59B5A627448BDC00ADD2AE /* Base */ = {isa = PBXFileReference; lastKnownFileType = file.storyboard; name = Base; path = Base.lproj/LaunchScreen.storyboard; sourceTree = "<group>"; };
		2A59B5A827448BDC00ADD2AE /* Info.plist */ = {isa = PBXFileReference; lastKnownFileType = text.plist.xml; path = Info.plist; sourceTree = "<group>"; };
		2A59B5AD27448BDC00ADD2AE /* SinglePhotoTests.xctest */ = {isa = PBXFileReference; explicitFileType = wrapper.cfbundle; includeInIndex = 0; path = SinglePhotoTests.xctest; sourceTree = BUILT_PRODUCTS_DIR; };
		2A59B5B127448BDC00ADD2AE /* SinglePhotoTests.swift */ = {isa = PBXFileReference; lastKnownFileType = sourcecode.swift; path = SinglePhotoTests.swift; sourceTree = "<group>"; };
		2A59B5B727448BDC00ADD2AE /* SinglePhotoUITests.xctest */ = {isa = PBXFileReference; explicitFileType = wrapper.cfbundle; includeInIndex = 0; path = SinglePhotoUITests.xctest; sourceTree = BUILT_PRODUCTS_DIR; };
		2A59B5BB27448BDC00ADD2AE /* SinglePhotoUITests.swift */ = {isa = PBXFileReference; lastKnownFileType = sourcecode.swift; path = SinglePhotoUITests.swift; sourceTree = "<group>"; };
		2A59B5BD27448BDC00ADD2AE /* SinglePhotoUITestsLaunchTests.swift */ = {isa = PBXFileReference; lastKnownFileType = sourcecode.swift; path = SinglePhotoUITestsLaunchTests.swift; sourceTree = "<group>"; };
/* End PBXFileReference section */

/* Begin PBXFrameworksBuildPhase section */
		2A59B59427448BDB00ADD2AE /* Frameworks */ = {
			isa = PBXFrameworksBuildPhase;
			buildActionMask = 2147483647;
			files = (
			);
			runOnlyForDeploymentPostprocessing = 0;
		};
		2A59B5AA27448BDC00ADD2AE /* Frameworks */ = {
			isa = PBXFrameworksBuildPhase;
			buildActionMask = 2147483647;
			files = (
			);
			runOnlyForDeploymentPostprocessing = 0;
		};
		2A59B5B427448BDC00ADD2AE /* Frameworks */ = {
			isa = PBXFrameworksBuildPhase;
			buildActionMask = 2147483647;
			files = (
			);
			runOnlyForDeploymentPostprocessing = 0;
		};
/* End PBXFrameworksBuildPhase section */

/* Begin PBXGroup section */
		2A59B58E27448BDB00ADD2AE = {
			isa = PBXGroup;
			children = (
				2A59B59927448BDB00ADD2AE /* SinglePhoto */,
				2A59B5B027448BDC00ADD2AE /* SinglePhotoTests */,
				2A59B5BA27448BDC00ADD2AE /* SinglePhotoUITests */,
				2A59B59827448BDB00ADD2AE /* Products */,
			);
			sourceTree = "<group>";
		};
		2A59B59827448BDB00ADD2AE /* Products */ = {
			isa = PBXGroup;
			children = (
				2A59B59727448BDB00ADD2AE /* SinglePhoto.app */,
				2A59B5AD27448BDC00ADD2AE /* SinglePhotoTests.xctest */,
				2A59B5B727448BDC00ADD2AE /* SinglePhotoUITests.xctest */,
			);
			name = Products;
			sourceTree = "<group>";
		};
		2A59B59927448BDB00ADD2AE /* SinglePhoto */ = {
			isa = PBXGroup;
			children = (
				2A59B59A27448BDB00ADD2AE /* AppDelegate.swift */,
				2A59B59C27448BDB00ADD2AE /* SceneDelegate.swift */,
				2A59B59E27448BDB00ADD2AE /* ViewController.swift */,
				2A59B5A027448BDB00ADD2AE /* Main.storyboard */,
				2A59B5A327448BDC00ADD2AE /* Assets.xcassets */,
				2A59B5A527448BDC00ADD2AE /* LaunchScreen.storyboard */,
				2A59B5A827448BDC00ADD2AE /* Info.plist */,
			);
			path = SinglePhoto;
			sourceTree = "<group>";
		};
		2A59B5B027448BDC00ADD2AE /* SinglePhotoTests */ = {
			isa = PBXGroup;
			children = (
				2A59B5B127448BDC00ADD2AE /* SinglePhotoTests.swift */,
			);
			path = SinglePhotoTests;
			sourceTree = "<group>";
		};
		2A59B5BA27448BDC00ADD2AE /* SinglePhotoUITests */ = {
			isa = PBXGroup;
			children = (
				2A59B5BB27448BDC00ADD2AE /* SinglePhotoUITests.swift */,
				2A59B5BD27448BDC00ADD2AE /* SinglePhotoUITestsLaunchTests.swift */,
			);
			path = SinglePhotoUITests;
			sourceTree = "<group>";
		};
/* End PBXGroup section */

/* Begin PBXNativeTarget section */
		2A59B59627448BDB00ADD2AE /* SinglePhoto */ = {
			isa = PBXNativeTarget;
			buildConfigurationList = 2A59B5C127448BDC00ADD2AE /* Build configuration list for PBXNativeTarget "SinglePhoto" */;
			buildPhases = (
				2A59B59327448BDB00ADD2AE /* Sources */,
				2A59B59427448BDB00ADD2AE /* Frameworks */,
				2A59B59527448BDB00ADD2AE /* Resources */,
			);
			buildRules = (
			);
			dependencies = (
			);
			name = SinglePhoto;
			productName = SinglePhoto;
			productReference = 2A59B59727448BDB00ADD2AE /* SinglePhoto.app */;
			productType = "com.apple.product-type.application";
		};
		2A59B5AC27448BDC00ADD2AE /* SinglePhotoTests */ = {
			isa = PBXNativeTarget;
			buildConfigurationList = 2A59B5C427448BDC00ADD2AE /* Build configuration list for PBXNativeTarget "SinglePhotoTests" */;
			buildPhases = (
				2A59B5A927448BDC00ADD2AE /* Sources */,
				2A59B5AA27448BDC00ADD2AE /* Frameworks */,
				2A59B5AB27448BDC00ADD2AE /* Resources */,
			);
			buildRules = (
			);
			dependencies = (
				2A59B5AF27448BDC00ADD2AE /* PBXTargetDependency */,
			);
			name = SinglePhotoTests;
			productName = SinglePhotoTests;
			productReference = 2A59B5AD27448BDC00ADD2AE /* SinglePhotoTests.xctest */;
			productType = "com.apple.product-type.bundle.unit-test";
		};
		2A59B5B627448BDC00ADD2AE /* SinglePhotoUITests */ = {
			isa = PBXNativeTarget;
			buildConfigurationList = 2A59B5C727448BDC00ADD2AE /* Build configuration list for PBXNativeTarget "SinglePhotoUITests" */;
			buildPhases = (
				2A59B5B327448BDC00ADD2AE /* Sources */,
				2A59B5B427448BDC00ADD2AE /* Frameworks */,
				2A59B5B527448BDC00ADD2AE /* Resources */,
			);
			buildRules = (
			);
			dependencies = (
				2A59B5B927448BDC00ADD2AE /* PBXTargetDependency */,
			);
			name = SinglePhotoUITests;
			productName = SinglePhotoUITests;
			productReference = 2A59B5B727448BDC00ADD2AE /* SinglePhotoUITests.xctest */;
			productType = "com.apple.product-type.bundle.ui-testing";
		};
/* End PBXNativeTarget section */

/* Begin PBXProject section */
		2A59B58F27448BDB00ADD2AE /* Project object */ = {
			isa = PBXProject;
			attributes = {
				BuildIndependentTargetsInParallel = 1;
				LastSwiftUpdateCheck = 1310;
				LastUpgradeCheck = 1310;
				TargetAttributes = {
					2A59B59627448BDB00ADD2AE = {
						CreatedOnToolsVersion = 13.1;
					};
					2A59B5AC27448BDC00ADD2AE = {
						CreatedOnToolsVersion = 13.1;
						TestTargetID = 2A59B59627448BDB00ADD2AE;
					};
					2A59B5B627448BDC00ADD2AE = {
						CreatedOnToolsVersion = 13.1;
						TestTargetID = 2A59B59627448BDB00ADD2AE;
					};
				};
			};
			buildConfigurationList = 2A59B59227448BDB00ADD2AE /* Build configuration list for PBXProject "SinglePhoto" */;
			compatibilityVersion = "Xcode 13.0";
			developmentRegion = en;
			hasScannedForEncodings = 0;
			knownRegions = (
				en,
				Base,
			);
			mainGroup = 2A59B58E27448BDB00ADD2AE;
			productRefGroup = 2A59B59827448BDB00ADD2AE /* Products */;
			projectDirPath = "";
			projectRoot = "";
			targets = (
				2A59B59627448BDB00ADD2AE /* SinglePhoto */,
				2A59B5AC27448BDC00ADD2AE /* SinglePhotoTests */,
				2A59B5B627448BDC00ADD2AE /* SinglePhotoUITests */,
			);
		};
/* End PBXProject section */

/* Begin PBXResourcesBuildPhase section */
		2A59B59527448BDB00ADD2AE /* Resources */ = {
			isa = PBXResourcesBuildPhase;
			buildActionMask = 2147483647;
			files = (
				2A59B5A727448BDC00ADD2AE /* LaunchScreen.storyboard in Resources */,
				2A59B5A427448BDC00ADD2AE /* Assets.xcassets in Resources */,
				2A59B5A227448BDB00ADD2AE /* Main.storyboard in Resources */,
			);
			runOnlyForDeploymentPostprocessing = 0;
		};
		2A59B5AB27448BDC00ADD2AE /* Resources */ = {
			isa = PBXResourcesBuildPhase;
			buildActionMask = 2147483647;
			files = (
			);
			runOnlyForDeploymentPostprocessing = 0;
		};
		2A59B5B527448BDC00ADD2AE /* Resources */ = {
			isa = PBXResourcesBuildPhase;
			buildActionMask = 2147483647;
			files = (
			);
			runOnlyForDeploymentPostprocessing = 0;
		};
/* End PBXResourcesBuildPhase section */

/* Begin PBXSourcesBuildPhase section */
		2A59B59327448BDB00ADD2AE /* Sources */ = {
			isa = PBXSourcesBuildPhase;
			buildActionMask = 2147483647;
			files = (
				2A59B59F27448BDB00ADD2AE /* ViewController.swift in Sources */,
				2A59B59B27448BDB00ADD2AE /* AppDelegate.swift in Sources */,
				2A59B59D27448BDB00ADD2AE /* SceneDelegate.swift in Sources */,
			);
			runOnlyForDeploymentPostprocessing = 0;
		};
		2A59B5A927448BDC00ADD2AE /* Sources */ = {
			isa = PBXSourcesBuildPhase;
			buildActionMask = 2147483647;
			files = (
				2A59B5B227448BDC00ADD2AE /* SinglePhotoTests.swift in Sources */,
			);
			runOnlyForDeploymentPostprocessing = 0;
		};
		2A59B5B327448BDC00ADD2AE /* Sources */ = {
			isa = PBXSourcesBuildPhase;
			buildActionMask = 2147483647;
			files = (
				2A59B5BC27448BDC00ADD2AE /* SinglePhotoUITests.swift in Sources */,
				2A59B5BE27448BDC00ADD2AE /* SinglePhotoUITestsLaunchTests.swift in Sources */,
			);
			runOnlyForDeploymentPostprocessing = 0;
		};
/* End PBXSourcesBuildPhase section */

/* Begin PBXTargetDependency section */
		2A59B5AF27448BDC00ADD2AE /* PBXTargetDependency */ = {
			isa = PBXTargetDependency;
			target = 2A59B59627448BDB00ADD2AE /* SinglePhoto */;
			targetProxy = 2A59B5AE27448BDC00ADD2AE /* PBXContainerItemProxy */;
		};
		2A59B5B927448BDC00ADD2AE /* PBXTargetDependency */ = {
			isa = PBXTargetDependency;
			target = 2A59B59627448BDB00ADD2AE /* SinglePhoto */;
			targetProxy = 2A59B5B827448BDC00ADD2AE /* PBXContainerItemProxy */;
		};
/* End PBXTargetDependency section */

/* Begin PBXVariantGroup section */
		2A59B5A027448BDB00ADD2AE /* Main.storyboard */ = {
			isa = PBXVariantGroup;
			children = (
				2A59B5A127448BDB00ADD2AE /* Base */,
			);
			name = Main.storyboard;
			sourceTree = "<group>";
		};
		2A59B5A527448BDC00ADD2AE /* LaunchScreen.storyboard */ = {
			isa = PBXVariantGroup;
			children = (
				2A59B5A627448BDC00ADD2AE /* Base */,
			);
			name = LaunchScreen.storyboard;
			sourceTree = "<group>";
		};
/* End PBXVariantGroup section */

/* Begin XCBuildConfiguration section */
		2A59B5BF27448BDC00ADD2AE /* Debug */ = {
			isa = XCBuildConfiguration;
			buildSettings = {
				ALWAYS_SEARCH_USER_PATHS = NO;
				CLANG_ANALYZER_NONNULL = YES;
				CLANG_ANALYZER_NUMBER_OBJECT_CONVERSION = YES_AGGRESSIVE;
				CLANG_CXX_LANGUAGE_STANDARD = "gnu++17";
				CLANG_CXX_LIBRARY = "libc++";
				CLANG_ENABLE_MODULES = YES;
				CLANG_ENABLE_OBJC_ARC = YES;
				CLANG_ENABLE_OBJC_WEAK = YES;
				CLANG_WARN_BLOCK_CAPTURE_AUTORELEASING = YES;
				CLANG_WARN_BOOL_CONVERSION = YES;
				CLANG_WARN_COMMA = YES;
				CLANG_WARN_CONSTANT_CONVERSION = YES;
				CLANG_WARN_DEPRECATED_OBJC_IMPLEMENTATIONS = YES;
				CLANG_WARN_DIRECT_OBJC_ISA_USAGE = YES_ERROR;
				CLANG_WARN_DOCUMENTATION_COMMENTS = YES;
				CLANG_WARN_EMPTY_BODY = YES;
				CLANG_WARN_ENUM_CONVERSION = YES;
				CLANG_WARN_INFINITE_RECURSION = YES;
				CLANG_WARN_INT_CONVERSION = YES;
				CLANG_WARN_NON_LITERAL_NULL_CONVERSION = YES;
				CLANG_WARN_OBJC_IMPLICIT_RETAIN_SELF = YES;
				CLANG_WARN_OBJC_LITERAL_CONVERSION = YES;
				CLANG_WARN_OBJC_ROOT_CLASS = YES_ERROR;
				CLANG_WARN_QUOTED_INCLUDE_IN_FRAMEWORK_HEADER = YES;
				CLANG_WARN_RANGE_LOOP_ANALYSIS = YES;
				CLANG_WARN_STRICT_PROTOTYPES = YES;
				CLANG_WARN_SUSPICIOUS_MOVE = YES;
				CLANG_WARN_UNGUARDED_AVAILABILITY = YES_AGGRESSIVE;
				CLANG_WARN_UNREACHABLE_CODE = YES;
				CLANG_WARN__DUPLICATE_METHOD_MATCH = YES;
				COPY_PHASE_STRIP = NO;
				DEBUG_INFORMATION_FORMAT = dwarf;
				ENABLE_STRICT_OBJC_MSGSEND = YES;
				ENABLE_TESTABILITY = YES;
				GCC_C_LANGUAGE_STANDARD = gnu11;
				GCC_DYNAMIC_NO_PIC = NO;
				GCC_NO_COMMON_BLOCKS = YES;
				GCC_OPTIMIZATION_LEVEL = 0;
				GCC_PREPROCESSOR_DEFINITIONS = (
					"DEBUG=1",
					"$(inherited)",
				);
				GCC_WARN_64_TO_32_BIT_CONVERSION = YES;
				GCC_WARN_ABOUT_RETURN_TYPE = YES_ERROR;
				GCC_WARN_UNDECLARED_SELECTOR = YES;
				GCC_WARN_UNINITIALIZED_AUTOS = YES_AGGRESSIVE;
				GCC_WARN_UNUSED_FUNCTION = YES;
				GCC_WARN_UNUSED_VARIABLE = YES;
				IPHONEOS_DEPLOYMENT_TARGET = 15.0;
				MTL_ENABLE_DEBUG_INFO = INCLUDE_SOURCE;
				MTL_FAST_MATH = YES;
				ONLY_ACTIVE_ARCH = YES;
				SDKROOT = iphoneos;
				SWIFT_ACTIVE_COMPILATION_CONDITIONS = DEBUG;
				SWIFT_OPTIMIZATION_LEVEL = "-Onone";
			};
			name = Debug;
		};
		2A59B5C027448BDC00ADD2AE /* Release */ = {
			isa = XCBuildConfiguration;
			buildSettings = {
				ALWAYS_SEARCH_USER_PATHS = NO;
				CLANG_ANALYZER_NONNULL = YES;
				CLANG_ANALYZER_NUMBER_OBJECT_CONVERSION = YES_AGGRESSIVE;
				CLANG_CXX_LANGUAGE_STANDARD = "gnu++17";
				CLANG_CXX_LIBRARY = "libc++";
				CLANG_ENABLE_MODULES = YES;
				CLANG_ENABLE_OBJC_ARC = YES;
				CLANG_ENABLE_OBJC_WEAK = YES;
				CLANG_WARN_BLOCK_CAPTURE_AUTORELEASING = YES;
				CLANG_WARN_BOOL_CONVERSION = YES;
				CLANG_WARN_COMMA = YES;
				CLANG_WARN_CONSTANT_CONVERSION = YES;
				CLANG_WARN_DEPRECATED_OBJC_IMPLEMENTATIONS = YES;
				CLANG_WARN_DIRECT_OBJC_ISA_USAGE = YES_ERROR;
				CLANG_WARN_DOCUMENTATION_COMMENTS = YES;
				CLANG_WARN_EMPTY_BODY = YES;
				CLANG_WARN_ENUM_CONVERSION = YES;
				CLANG_WARN_INFINITE_RECURSION = YES;
				CLANG_WARN_INT_CONVERSION = YES;
				CLANG_WARN_NON_LITERAL_NULL_CONVERSION = YES;
				CLANG_WARN_OBJC_IMPLICIT_RETAIN_SELF = YES;
				CLANG_WARN_OBJC_LITERAL_CONVERSION = YES;
				CLANG_WARN_OBJC_ROOT_CLASS = YES_ERROR;
				CLANG_WARN_QUOTED_INCLUDE_IN_FRAMEWORK_HEADER = YES;
				CLANG_WARN_RANGE_LOOP_ANALYSIS = YES;
				CLANG_WARN_STRICT_PROTOTYPES = YES;
				CLANG_WARN_SUSPICIOUS_MOVE = YES;
				CLANG_WARN_UNGUARDED_AVAILABILITY = YES_AGGRESSIVE;
				CLANG_WARN_UNREACHABLE_CODE = YES;
				CLANG_WARN__DUPLICATE_METHOD_MATCH = YES;
				COPY_PHASE_STRIP = NO;
				DEBUG_INFORMATION_FORMAT = "dwarf-with-dsym";
				ENABLE_NS_ASSERTIONS = NO;
				ENABLE_STRICT_OBJC_MSGSEND = YES;
				GCC_C_LANGUAGE_STANDARD = gnu11;
				GCC_NO_COMMON_BLOCKS = YES;
				GCC_WARN_64_TO_32_BIT_CONVERSION = YES;
				GCC_WARN_ABOUT_RETURN_TYPE = YES_ERROR;
				GCC_WARN_UNDECLARED_SELECTOR = YES;
				GCC_WARN_UNINITIALIZED_AUTOS = YES_AGGRESSIVE;
				GCC_WARN_UNUSED_FUNCTION = YES;
				GCC_WARN_UNUSED_VARIABLE = YES;
				IPHONEOS_DEPLOYMENT_TARGET = 15.0;
				MTL_ENABLE_DEBUG_INFO = NO;
				MTL_FAST_MATH = YES;
				SDKROOT = iphoneos;
				SWIFT_COMPILATION_MODE = wholemodule;
				SWIFT_OPTIMIZATION_LEVEL = "-O";
				VALIDATE_PRODUCT = YES;
			};
			name = Release;
		};
		2A59B5C227448BDC00ADD2AE /* Debug */ = {
			isa = XCBuildConfiguration;
			buildSettings = {
				ASSETCATALOG_COMPILER_APPICON_NAME = AppIcon;
				ASSETCATALOG_COMPILER_GLOBAL_ACCENT_COLOR_NAME = AccentColor;
				CODE_SIGN_STYLE = Automatic;
				CURRENT_PROJECT_VERSION = 1;
				GENERATE_INFOPLIST_FILE = YES;
				INFOPLIST_FILE = SinglePhoto/Info.plist;
				INFOPLIST_KEY_UIApplicationSupportsIndirectInputEvents = YES;
				INFOPLIST_KEY_UILaunchStoryboardName = LaunchScreen;
				INFOPLIST_KEY_UIMainStoryboardFile = Main;
				INFOPLIST_KEY_UISupportedInterfaceOrientations_iPad = "UIInterfaceOrientationPortrait UIInterfaceOrientationPortraitUpsideDown UIInterfaceOrientationLandscapeLeft UIInterfaceOrientationLandscapeRight";
				INFOPLIST_KEY_UISupportedInterfaceOrientations_iPhone = "UIInterfaceOrientationPortrait UIInterfaceOrientationLandscapeLeft UIInterfaceOrientationLandscapeRight";
				LD_RUNPATH_SEARCH_PATHS = (
					"$(inherited)",
					"@executable_path/Frameworks",
				);
				MARKETING_VERSION = 1.0;
				PRODUCT_BUNDLE_IDENTIFIER = "chhom-inc..SinglePhoto";
				PRODUCT_NAME = "$(TARGET_NAME)";
				SWIFT_EMIT_LOC_STRINGS = YES;
				SWIFT_VERSION = 5.0;
				TARGETED_DEVICE_FAMILY = "1,2";
			};
			name = Debug;
		};
		2A59B5C327448BDC00ADD2AE /* Release */ = {
			isa = XCBuildConfiguration;
			buildSettings = {
				ASSETCATALOG_COMPILER_APPICON_NAME = AppIcon;
				ASSETCATALOG_COMPILER_GLOBAL_ACCENT_COLOR_NAME = AccentColor;
				CODE_SIGN_STYLE = Automatic;
				CURRENT_PROJECT_VERSION = 1;
				GENERATE_INFOPLIST_FILE = YES;
				INFOPLIST_FILE = SinglePhoto/Info.plist;
				INFOPLIST_KEY_UIApplicationSupportsIndirectInputEvents = YES;
				INFOPLIST_KEY_UILaunchStoryboardName = LaunchScreen;
				INFOPLIST_KEY_UIMainStoryboardFile = Main;
				INFOPLIST_KEY_UISupportedInterfaceOrientations_iPad = "UIInterfaceOrientationPortrait UIInterfaceOrientationPortraitUpsideDown UIInterfaceOrientationLandscapeLeft UIInterfaceOrientationLandscapeRight";
				INFOPLIST_KEY_UISupportedInterfaceOrientations_iPhone = "UIInterfaceOrientationPortrait UIInterfaceOrientationLandscapeLeft UIInterfaceOrientationLandscapeRight";
				LD_RUNPATH_SEARCH_PATHS = (
					"$(inherited)",
					"@executable_path/Frameworks",
				);
				MARKETING_VERSION = 1.0;
				PRODUCT_BUNDLE_IDENTIFIER = "chhom-inc..SinglePhoto";
				PRODUCT_NAME = "$(TARGET_NAME)";
				SWIFT_EMIT_LOC_STRINGS = YES;
				SWIFT_VERSION = 5.0;
				TARGETED_DEVICE_FAMILY = "1,2";
			};
			name = Release;
		};
		2A59B5C527448BDC00ADD2AE /* Debug */ = {
			isa = XCBuildConfiguration;
			buildSettings = {
				ALWAYS_EMBED_SWIFT_STANDARD_LIBRARIES = YES;
				BUNDLE_LOADER = "$(TEST_HOST)";
				CODE_SIGN_STYLE = Automatic;
				CURRENT_PROJECT_VERSION = 1;
				GENERATE_INFOPLIST_FILE = YES;
				IPHONEOS_DEPLOYMENT_TARGET = 15.0;
				LD_RUNPATH_SEARCH_PATHS = (
					"$(inherited)",
					"@executable_path/Frameworks",
					"@loader_path/Frameworks",
				);
				MARKETING_VERSION = 1.0;
				PRODUCT_BUNDLE_IDENTIFIER = "chhom-inc..SinglePhotoTests";
				PRODUCT_NAME = "$(TARGET_NAME)";
				SWIFT_EMIT_LOC_STRINGS = NO;
				SWIFT_VERSION = 5.0;
				TARGETED_DEVICE_FAMILY = "1,2";
				TEST_HOST = "$(BUILT_PRODUCTS_DIR)/SinglePhoto.app/SinglePhoto";
			};
			name = Debug;
		};
		2A59B5C627448BDC00ADD2AE /* Release */ = {
			isa = XCBuildConfiguration;
			buildSettings = {
				ALWAYS_EMBED_SWIFT_STANDARD_LIBRARIES = YES;
				BUNDLE_LOADER = "$(TEST_HOST)";
				CODE_SIGN_STYLE = Automatic;
				CURRENT_PROJECT_VERSION = 1;
				GENERATE_INFOPLIST_FILE = YES;
				IPHONEOS_DEPLOYMENT_TARGET = 15.0;
				LD_RUNPATH_SEARCH_PATHS = (
					"$(inherited)",
					"@executable_path/Frameworks",
					"@loader_path/Frameworks",
				);
				MARKETING_VERSION = 1.0;
				PRODUCT_BUNDLE_IDENTIFIER = "chhom-inc..SinglePhotoTests";
				PRODUCT_NAME = "$(TARGET_NAME)";
				SWIFT_EMIT_LOC_STRINGS = NO;
				SWIFT_VERSION = 5.0;
				TARGETED_DEVICE_FAMILY = "1,2";
				TEST_HOST = "$(BUILT_PRODUCTS_DIR)/SinglePhoto.app/SinglePhoto";
			};
			name = Release;
		};
		2A59B5C827448BDC00ADD2AE /* Debug */ = {
			isa = XCBuildConfiguration;
			buildSettings = {
				ALWAYS_EMBED_SWIFT_STANDARD_LIBRARIES = YES;
				CODE_SIGN_STYLE = Automatic;
				CURRENT_PROJECT_VERSION = 1;
				GENERATE_INFOPLIST_FILE = YES;
				LD_RUNPATH_SEARCH_PATHS = (
					"$(inherited)",
					"@executable_path/Frameworks",
					"@loader_path/Frameworks",
				);
				MARKETING_VERSION = 1.0;
				PRODUCT_BUNDLE_IDENTIFIER = "chhom-inc..SinglePhotoUITests";
				PRODUCT_NAME = "$(TARGET_NAME)";
				SWIFT_EMIT_LOC_STRINGS = NO;
				SWIFT_VERSION = 5.0;
				TARGETED_DEVICE_FAMILY = "1,2";
				TEST_TARGET_NAME = SinglePhoto;
			};
			name = Debug;
		};
		2A59B5C927448BDC00ADD2AE /* Release */ = {
			isa = XCBuildConfiguration;
			buildSettings = {
				ALWAYS_EMBED_SWIFT_STANDARD_LIBRARIES = YES;
				CODE_SIGN_STYLE = Automatic;
				CURRENT_PROJECT_VERSION = 1;
				GENERATE_INFOPLIST_FILE = YES;
				LD_RUNPATH_SEARCH_PATHS = (
					"$(inherited)",
					"@executable_path/Frameworks",
					"@loader_path/Frameworks",
				);
				MARKETING_VERSION = 1.0;
				PRODUCT_BUNDLE_IDENTIFIER = "chhom-inc..SinglePhotoUITests";
				PRODUCT_NAME = "$(TARGET_NAME)";
				SWIFT_EMIT_LOC_STRINGS = NO;
				SWIFT_VERSION = 5.0;
				TARGETED_DEVICE_FAMILY = "1,2";
				TEST_TARGET_NAME = SinglePhoto;
			};
			name = Release;
		};
/* End XCBuildConfiguration section */

/* Begin XCConfigurationList section */
		2A59B59227448BDB00ADD2AE /* Build configuration list for PBXProject "SinglePhoto" */ = {
			isa = XCConfigurationList;
			buildConfigurations = (
				2A59B5BF27448BDC00ADD2AE /* Debug */,
				2A59B5C027448BDC00ADD2AE /* Release */,
			);
			defaultConfigurationIsVisible = 0;
			defaultConfigurationName = Release;
		};
		2A59B5C127448BDC00ADD2AE /* Build configuration list for PBXNativeTarget "SinglePhoto" */ = {
			isa = XCConfigurationList;
			buildConfigurations = (
				2A59B5C227448BDC00ADD2AE /* Debug */,
				2A59B5C327448BDC00ADD2AE /* Release */,
			);
			defaultConfigurationIsVisible = 0;
			defaultConfigurationName = Release;
		};
		2A59B5C427448BDC00ADD2AE /* Build configuration list for PBXNativeTarget "SinglePhotoTests" */ = {
			isa = XCConfigurationList;
			buildConfigurations = (
				2A59B5C527448BDC00ADD2AE /* Debug */,
				2A59B5C627448BDC00ADD2AE /* Release */,
			);
			defaultConfigurationIsVisible = 0;
			defaultConfigurationName = Release;
		};
		2A59B5C727448BDC00ADD2AE /* Build configuration list for PBXNativeTarget "SinglePhotoUITests" */ = {
			isa = XCConfigurationList;
			buildConfigurations = (
				2A59B5C827448BDC00ADD2AE /* Debug */,
				2A59B5C927448BDC00ADD2AE /* Release */,
			);
			defaultConfigurationIsVisible = 0;
			defaultConfigurationName = Release;
		};
/* End XCConfigurationList section */
	};
	rootObject = 2A59B58F27448BDB00ADD2AE /* Project object */;
}
